// !$*UTF8*$!
{
	archiveVersion = 1;
	classes = {
	};
	objectVersion = 56;
	objects = {

/* Begin PBXBuildFile section */
		2ED87472297B51CE002E3E3C /* AppDelegate.swift in Sources */ = {isa = PBXBuildFile; fileRef = 2ED87471297B51CE002E3E3C /* AppDelegate.swift */; };
		2ED87474297B51CE002E3E3C /* SceneDelegate.swift in Sources */ = {isa = PBXBuildFile; fileRef = 2ED87473297B51CE002E3E3C /* SceneDelegate.swift */; };
		2ED87476297B51CE002E3E3C /* InitialViewController.swift in Sources */ = {isa = PBXBuildFile; fileRef = 2ED87475297B51CE002E3E3C /* InitialViewController.swift */; };
		2ED87479297B51CE002E3E3C /* Main.storyboard in Resources */ = {isa = PBXBuildFile; fileRef = 2ED87477297B51CE002E3E3C /* Main.storyboard */; };
		2ED8747B297B51D0002E3E3C /* Assets.xcassets in Resources */ = {isa = PBXBuildFile; fileRef = 2ED8747A297B51D0002E3E3C /* Assets.xcassets */; };
		2ED8747E297B51D0002E3E3C /* LaunchScreen.storyboard in Resources */ = {isa = PBXBuildFile; fileRef = 2ED8747C297B51D0002E3E3C /* LaunchScreen.storyboard */; };
		2ED87489297B5211002E3E3C /* NetworkManager.swift in Sources */ = {isa = PBXBuildFile; fileRef = 2ED87488297B5211002E3E3C /* NetworkManager.swift */; };
		2ED8748B297B5252002E3E3C /* Model.swift in Sources */ = {isa = PBXBuildFile; fileRef = 2ED8748A297B5252002E3E3C /* Model.swift */; };
		2ED8748E297B526A002E3E3C /* HomeView.swift in Sources */ = {isa = PBXBuildFile; fileRef = 2ED8748D297B526A002E3E3C /* HomeView.swift */; };
		2ED874A5297B56CB002E3E3C /* URLSessionMock.swift in Sources */ = {isa = PBXBuildFile; fileRef = 2ED87490297B5359002E3E3C /* URLSessionMock.swift */; };
		2ED874A6297B56CD002E3E3C /* TestNetworkManager.swift in Sources */ = {isa = PBXBuildFile; fileRef = 2ED87492297B53AE002E3E3C /* TestNetworkManager.swift */; };
		2ED874A7297B56D0002E3E3C /* TestHomeView.swift in Sources */ = {isa = PBXBuildFile; fileRef = 2ED87494297B53E0002E3E3C /* TestHomeView.swift */; };
		2ED874A8297B5890002E3E3C /* NetworkManager.swift in Sources */ = {isa = PBXBuildFile; fileRef = 2ED87488297B5211002E3E3C /* NetworkManager.swift */; };
		2ED874A9297B5897002E3E3C /* HomeView.swift in Sources */ = {isa = PBXBuildFile; fileRef = 2ED8748D297B526A002E3E3C /* HomeView.swift */; };
		2ED874AA297B5F78002E3E3C /* Model.swift in Sources */ = {isa = PBXBuildFile; fileRef = 2ED8748A297B5252002E3E3C /* Model.swift */; };
		2ED874AE297B6219002E3E3C /* AppDelegate.swift in Sources */ = {isa = PBXBuildFile; fileRef = 2ED87471297B51CE002E3E3C /* AppDelegate.swift */; };
		2ED874AF297B621D002E3E3C /* SceneDelegate.swift in Sources */ = {isa = PBXBuildFile; fileRef = 2ED87473297B51CE002E3E3C /* SceneDelegate.swift */; };
		2ED874B0297B658F002E3E3C /* InitialViewController.swift in Sources */ = {isa = PBXBuildFile; fileRef = 2ED87475297B51CE002E3E3C /* InitialViewController.swift */; };
/* End PBXBuildFile section */

/* Begin PBXContainerItemProxy section */
		2ED874A0297B56BC002E3E3C /* PBXContainerItemProxy */ = {
			isa = PBXContainerItemProxy;
			containerPortal = 2ED87466297B51CE002E3E3C /* Project object */;
			proxyType = 1;
			remoteGlobalIDString = 2ED8746D297B51CE002E3E3C;
			remoteInfo = AlbertsonsCodeVeeru;
		};
/* End PBXContainerItemProxy section */

/* Begin PBXFileReference section */
		2ED8746E297B51CE002E3E3C /* AlbertsonsCodeVeeru.app */ = {isa = PBXFileReference; explicitFileType = wrapper.application; includeInIndex = 0; path = AlbertsonsCodeVeeru.app; sourceTree = BUILT_PRODUCTS_DIR; };
		2ED87471297B51CE002E3E3C /* AppDelegate.swift */ = {isa = PBXFileReference; lastKnownFileType = sourcecode.swift; path = AppDelegate.swift; sourceTree = "<group>"; };
		2ED87473297B51CE002E3E3C /* SceneDelegate.swift */ = {isa = PBXFileReference; lastKnownFileType = sourcecode.swift; path = SceneDelegate.swift; sourceTree = "<group>"; };
		2ED87475297B51CE002E3E3C /* InitialViewController.swift */ = {isa = PBXFileReference; lastKnownFileType = sourcecode.swift; path = InitialViewController.swift; sourceTree = "<group>"; };
		2ED87478297B51CE002E3E3C /* Base */ = {isa = PBXFileReference; lastKnownFileType = file.storyboard; name = Base; path = Base.lproj/Main.storyboard; sourceTree = "<group>"; };
		2ED8747A297B51D0002E3E3C /* Assets.xcassets */ = {isa = PBXFileReference; lastKnownFileType = folder.assetcatalog; path = Assets.xcassets; sourceTree = "<group>"; };
		2ED8747D297B51D0002E3E3C /* Base */ = {isa = PBXFileReference; lastKnownFileType = file.storyboard; name = Base; path = Base.lproj/LaunchScreen.storyboard; sourceTree = "<group>"; };
		2ED8747F297B51D0002E3E3C /* Info.plist */ = {isa = PBXFileReference; lastKnownFileType = text.plist.xml; path = Info.plist; sourceTree = "<group>"; };
		2ED87488297B5211002E3E3C /* NetworkManager.swift */ = {isa = PBXFileReference; lastKnownFileType = sourcecode.swift; path = NetworkManager.swift; sourceTree = "<group>"; };
		2ED8748A297B5252002E3E3C /* Model.swift */ = {isa = PBXFileReference; lastKnownFileType = sourcecode.swift; path = Model.swift; sourceTree = "<group>"; };
		2ED8748D297B526A002E3E3C /* HomeView.swift */ = {isa = PBXFileReference; lastKnownFileType = sourcecode.swift; path = HomeView.swift; sourceTree = "<group>"; };
		2ED87490297B5359002E3E3C /* URLSessionMock.swift */ = {isa = PBXFileReference; lastKnownFileType = sourcecode.swift; path = URLSessionMock.swift; sourceTree = "<group>"; };
		2ED87492297B53AE002E3E3C /* TestNetworkManager.swift */ = {isa = PBXFileReference; lastKnownFileType = sourcecode.swift; path = TestNetworkManager.swift; sourceTree = "<group>"; };
		2ED87494297B53E0002E3E3C /* TestHomeView.swift */ = {isa = PBXFileReference; lastKnownFileType = sourcecode.swift; path = TestHomeView.swift; sourceTree = "<group>"; };
		2ED8749A297B56BC002E3E3C /* AlbertsonsCodeVeeruUITests.xctest */ = {isa = PBXFileReference; explicitFileType = wrapper.cfbundle; includeInIndex = 0; path = AlbertsonsCodeVeeruUITests.xctest; sourceTree = BUILT_PRODUCTS_DIR; };
/* End PBXFileReference section */

/* Begin PBXFrameworksBuildPhase section */
		2ED8746B297B51CE002E3E3C /* Frameworks */ = {
			isa = PBXFrameworksBuildPhase;
			buildActionMask = 2147483647;
			files = (
			);
			runOnlyForDeploymentPostprocessing = 0;
		};
		2ED87497297B56BC002E3E3C /* Frameworks */ = {
			isa = PBXFrameworksBuildPhase;
			buildActionMask = 2147483647;
			files = (
			);
			runOnlyForDeploymentPostprocessing = 0;
		};
/* End PBXFrameworksBuildPhase section */

/* Begin PBXGroup section */
		2ED87465297B51CE002E3E3C = {
			isa = PBXGroup;
			children = (
				2ED87470297B51CE002E3E3C /* AlbertsonsCodeVeeru */,
				2ED8749B297B56BC002E3E3C /* AlbertsonsCodeVeeruUITests */,
				2ED8746F297B51CE002E3E3C /* Products */,
			);
			sourceTree = "<group>";
		};
		2ED8746F297B51CE002E3E3C /* Products */ = {
			isa = PBXGroup;
			children = (
				2ED8746E297B51CE002E3E3C /* AlbertsonsCodeVeeru.app */,
				2ED8749A297B56BC002E3E3C /* AlbertsonsCodeVeeruUITests.xctest */,
			);
			name = Products;
			sourceTree = "<group>";
		};
		2ED87470297B51CE002E3E3C /* AlbertsonsCodeVeeru */ = {
			isa = PBXGroup;
			children = (
				2ED8748C297B525B002E3E3C /* View */,
				2ED87487297B51F6002E3E3C /* Controller */,
				2ED87486297B51E9002E3E3C /* Model */,
				2ED87485297B51DD002E3E3C /* NetworkServices */,
				2ED87471297B51CE002E3E3C /* AppDelegate.swift */,
				2ED87473297B51CE002E3E3C /* SceneDelegate.swift */,
				2ED87477297B51CE002E3E3C /* Main.storyboard */,
				2ED8747A297B51D0002E3E3C /* Assets.xcassets */,
				2ED8747C297B51D0002E3E3C /* LaunchScreen.storyboard */,
				2ED8747F297B51D0002E3E3C /* Info.plist */,
			);
			path = AlbertsonsCodeVeeru;
			sourceTree = "<group>";
		};
		2ED87485297B51DD002E3E3C /* NetworkServices */ = {
			isa = PBXGroup;
			children = (
				2ED87488297B5211002E3E3C /* NetworkManager.swift */,
			);
			path = NetworkServices;
			sourceTree = "<group>";
		};
		2ED87486297B51E9002E3E3C /* Model */ = {
			isa = PBXGroup;
			children = (
				2ED8748A297B5252002E3E3C /* Model.swift */,
			);
			path = Model;
			sourceTree = "<group>";
		};
		2ED87487297B51F6002E3E3C /* Controller */ = {
			isa = PBXGroup;
			children = (
				2ED87475297B51CE002E3E3C /* InitialViewController.swift */,
			);
			path = Controller;
			sourceTree = "<group>";
		};
		2ED8748C297B525B002E3E3C /* View */ = {
			isa = PBXGroup;
			children = (
				2ED8748D297B526A002E3E3C /* HomeView.swift */,
			);
			path = View;
			sourceTree = "<group>";
		};
		2ED8749B297B56BC002E3E3C /* AlbertsonsCodeVeeruUITests */ = {
			isa = PBXGroup;
			children = (
				2ED87490297B5359002E3E3C /* URLSessionMock.swift */,
				2ED87492297B53AE002E3E3C /* TestNetworkManager.swift */,
				2ED87494297B53E0002E3E3C /* TestHomeView.swift */,
			);
			path = AlbertsonsCodeVeeruUITests;
			sourceTree = "<group>";
		};
/* End PBXGroup section */

/* Begin PBXNativeTarget section */
		2ED8746D297B51CE002E3E3C /* AlbertsonsCodeVeeru */ = {
			isa = PBXNativeTarget;
			buildConfigurationList = 2ED87482297B51D0002E3E3C /* Build configuration list for PBXNativeTarget "AlbertsonsCodeVeeru" */;
			buildPhases = (
				2ED8746A297B51CE002E3E3C /* Sources */,
				2ED8746B297B51CE002E3E3C /* Frameworks */,
				2ED8746C297B51CE002E3E3C /* Resources */,
			);
			buildRules = (
			);
			dependencies = (
			);
			name = AlbertsonsCodeVeeru;
			productName = AlbertsonsCodeVeeru;
			productReference = 2ED8746E297B51CE002E3E3C /* AlbertsonsCodeVeeru.app */;
			productType = "com.apple.product-type.application";
		};
		2ED87499297B56BC002E3E3C /* AlbertsonsCodeVeeruUITests */ = {
			isa = PBXNativeTarget;
			buildConfigurationList = 2ED874A2297B56BC002E3E3C /* Build configuration list for PBXNativeTarget "AlbertsonsCodeVeeruUITests" */;
			buildPhases = (
				2ED87496297B56BC002E3E3C /* Sources */,
				2ED87497297B56BC002E3E3C /* Frameworks */,
				2ED87498297B56BC002E3E3C /* Resources */,
			);
			buildRules = (
			);
			dependencies = (
				2ED874A1297B56BC002E3E3C /* PBXTargetDependency */,
			);
			name = AlbertsonsCodeVeeruUITests;
			productName = AlbertsonsCodeVeeruUITests;
			productReference = 2ED8749A297B56BC002E3E3C /* AlbertsonsCodeVeeruUITests.xctest */;
			productType = "com.apple.product-type.bundle.ui-testing";
		};
/* End PBXNativeTarget section */

/* Begin PBXProject section */
		2ED87466297B51CE002E3E3C /* Project object */ = {
			isa = PBXProject;
			attributes = {
				BuildIndependentTargetsInParallel = 1;
				LastSwiftUpdateCheck = 1420;
				LastUpgradeCheck = 1420;
				TargetAttributes = {
					2ED8746D297B51CE002E3E3C = {
						CreatedOnToolsVersion = 14.2;
					};
					2ED87499297B56BC002E3E3C = {
						CreatedOnToolsVersion = 14.2;
						TestTargetID = 2ED8746D297B51CE002E3E3C;
					};
				};
			};
			buildConfigurationList = 2ED87469297B51CE002E3E3C /* Build configuration list for PBXProject "AlbertsonsCodeVeeru" */;
			compatibilityVersion = "Xcode 14.0";
			developmentRegion = en;
			hasScannedForEncodings = 0;
			knownRegions = (
				en,
				Base,
			);
			mainGroup = 2ED87465297B51CE002E3E3C;
			productRefGroup = 2ED8746F297B51CE002E3E3C /* Products */;
			projectDirPath = "";
			projectRoot = "";
			targets = (
				2ED8746D297B51CE002E3E3C /* AlbertsonsCodeVeeru */,
				2ED87499297B56BC002E3E3C /* AlbertsonsCodeVeeruUITests */,
			);
		};
/* End PBXProject section */

/* Begin PBXResourcesBuildPhase section */
		2ED8746C297B51CE002E3E3C /* Resources */ = {
			isa = PBXResourcesBuildPhase;
			buildActionMask = 2147483647;
			files = (
				2ED8747E297B51D0002E3E3C /* LaunchScreen.storyboard in Resources */,
				2ED8747B297B51D0002E3E3C /* Assets.xcassets in Resources */,
				2ED87479297B51CE002E3E3C /* Main.storyboard in Resources */,
			);
			runOnlyForDeploymentPostprocessing = 0;
		};
		2ED87498297B56BC002E3E3C /* Resources */ = {
			isa = PBXResourcesBuildPhase;
			buildActionMask = 2147483647;
			files = (
			);
			runOnlyForDeploymentPostprocessing = 0;
		};
/* End PBXResourcesBuildPhase section */

/* Begin PBXSourcesBuildPhase section */
		2ED8746A297B51CE002E3E3C /* Sources */ = {
			isa = PBXSourcesBuildPhase;
			buildActionMask = 2147483647;
			files = (
				2ED8748B297B5252002E3E3C /* Model.swift in Sources */,
				2ED87489297B5211002E3E3C /* NetworkManager.swift in Sources */,
				2ED87476297B51CE002E3E3C /* InitialViewController.swift in Sources */,
				2ED8748E297B526A002E3E3C /* HomeView.swift in Sources */,
				2ED87472297B51CE002E3E3C /* AppDelegate.swift in Sources */,
				2ED87474297B51CE002E3E3C /* SceneDelegate.swift in Sources */,
			);
			runOnlyForDeploymentPostprocessing = 0;
		};
		2ED87496297B56BC002E3E3C /* Sources */ = {
			isa = PBXSourcesBuildPhase;
			buildActionMask = 2147483647;
			files = (
				2ED874A8297B5890002E3E3C /* NetworkManager.swift in Sources */,
				2ED874A9297B5897002E3E3C /* HomeView.swift in Sources */,
				2ED874A7297B56D0002E3E3C /* TestHomeView.swift in Sources */,
				2ED874B0297B658F002E3E3C /* InitialViewController.swift in Sources */,
				2ED874AE297B6219002E3E3C /* AppDelegate.swift in Sources */,
				2ED874A6297B56CD002E3E3C /* TestNetworkManager.swift in Sources */,
				2ED874AF297B621D002E3E3C /* SceneDelegate.swift in Sources */,
				2ED874A5297B56CB002E3E3C /* URLSessionMock.swift in Sources */,
				2ED874AA297B5F78002E3E3C /* Model.swift in Sources */,
			);
			runOnlyForDeploymentPostprocessing = 0;
		};
/* End PBXSourcesBuildPhase section */

/* Begin PBXTargetDependency section */
		2ED874A1297B56BC002E3E3C /* PBXTargetDependency */ = {
			isa = PBXTargetDependency;
			target = 2ED8746D297B51CE002E3E3C /* AlbertsonsCodeVeeru */;
			targetProxy = 2ED874A0297B56BC002E3E3C /* PBXContainerItemProxy */;
		};
/* End PBXTargetDependency section */

/* Begin PBXVariantGroup section */
		2ED87477297B51CE002E3E3C /* Main.storyboard */ = {
			isa = PBXVariantGroup;
			children = (
				2ED87478297B51CE002E3E3C /* Base */,
			);
			name = Main.storyboard;
			sourceTree = "<group>";
		};
		2ED8747C297B51D0002E3E3C /* LaunchScreen.storyboard */ = {
			isa = PBXVariantGroup;
			children = (
				2ED8747D297B51D0002E3E3C /* Base */,
			);
			name = LaunchScreen.storyboard;
			sourceTree = "<group>";
		};
/* End PBXVariantGroup section */

/* Begin XCBuildConfiguration section */
		2ED87480297B51D0002E3E3C /* Debug */ = {
			isa = XCBuildConfiguration;
			buildSettings = {
				ALWAYS_SEARCH_USER_PATHS = NO;
				CLANG_ANALYZER_NONNULL = YES;
				CLANG_ANALYZER_NUMBER_OBJECT_CONVERSION = YES_AGGRESSIVE;
				CLANG_CXX_LANGUAGE_STANDARD = "gnu++20";
				CLANG_ENABLE_MODULES = YES;
				CLANG_ENABLE_OBJC_ARC = YES;
				CLANG_ENABLE_OBJC_WEAK = YES;
				CLANG_WARN_BLOCK_CAPTURE_AUTORELEASING = YES;
				CLANG_WARN_BOOL_CONVERSION = YES;
				CLANG_WARN_COMMA = YES;
				CLANG_WARN_CONSTANT_CONVERSION = YES;
				CLANG_WARN_DEPRECATED_OBJC_IMPLEMENTATIONS = YES;
				CLANG_WARN_DIRECT_OBJC_ISA_USAGE = YES_ERROR;
				CLANG_WARN_DOCUMENTATION_COMMENTS = YES;
				CLANG_WARN_EMPTY_BODY = YES;
				CLANG_WARN_ENUM_CONVERSION = YES;
				CLANG_WARN_INFINITE_RECURSION = YES;
				CLANG_WARN_INT_CONVERSION = YES;
				CLANG_WARN_NON_LITERAL_NULL_CONVERSION = YES;
				CLANG_WARN_OBJC_IMPLICIT_RETAIN_SELF = YES;
				CLANG_WARN_OBJC_LITERAL_CONVERSION = YES;
				CLANG_WARN_OBJC_ROOT_CLASS = YES_ERROR;
				CLANG_WARN_QUOTED_INCLUDE_IN_FRAMEWORK_HEADER = YES;
				CLANG_WARN_RANGE_LOOP_ANALYSIS = YES;
				CLANG_WARN_STRICT_PROTOTYPES = YES;
				CLANG_WARN_SUSPICIOUS_MOVE = YES;
				CLANG_WARN_UNGUARDED_AVAILABILITY = YES_AGGRESSIVE;
				CLANG_WARN_UNREACHABLE_CODE = YES;
				CLANG_WARN__DUPLICATE_METHOD_MATCH = YES;
				COPY_PHASE_STRIP = NO;
				DEBUG_INFORMATION_FORMAT = dwarf;
				ENABLE_STRICT_OBJC_MSGSEND = YES;
				ENABLE_TESTABILITY = YES;
				GCC_C_LANGUAGE_STANDARD = gnu11;
				GCC_DYNAMIC_NO_PIC = NO;
				GCC_NO_COMMON_BLOCKS = YES;
				GCC_OPTIMIZATION_LEVEL = 0;
				GCC_PREPROCESSOR_DEFINITIONS = (
					"DEBUG=1",
					"$(inherited)",
				);
				GCC_WARN_64_TO_32_BIT_CONVERSION = YES;
				GCC_WARN_ABOUT_RETURN_TYPE = YES_ERROR;
				GCC_WARN_UNDECLARED_SELECTOR = YES;
				GCC_WARN_UNINITIALIZED_AUTOS = YES_AGGRESSIVE;
				GCC_WARN_UNUSED_FUNCTION = YES;
				GCC_WARN_UNUSED_VARIABLE = YES;
				IPHONEOS_DEPLOYMENT_TARGET = 16.2;
				MTL_ENABLE_DEBUG_INFO = INCLUDE_SOURCE;
				MTL_FAST_MATH = YES;
				ONLY_ACTIVE_ARCH = YES;
				SDKROOT = iphoneos;
				SWIFT_ACTIVE_COMPILATION_CONDITIONS = DEBUG;
				SWIFT_OPTIMIZATION_LEVEL = "-Onone";
			};
			name = Debug;
		};
		2ED87481297B51D0002E3E3C /* Release */ = {
			isa = XCBuildConfiguration;
			buildSettings = {
				ALWAYS_SEARCH_USER_PATHS = NO;
				CLANG_ANALYZER_NONNULL = YES;
				CLANG_ANALYZER_NUMBER_OBJECT_CONVERSION = YES_AGGRESSIVE;
				CLANG_CXX_LANGUAGE_STANDARD = "gnu++20";
				CLANG_ENABLE_MODULES = YES;
				CLANG_ENABLE_OBJC_ARC = YES;
				CLANG_ENABLE_OBJC_WEAK = YES;
				CLANG_WARN_BLOCK_CAPTURE_AUTORELEASING = YES;
				CLANG_WARN_BOOL_CONVERSION = YES;
				CLANG_WARN_COMMA = YES;
				CLANG_WARN_CONSTANT_CONVERSION = YES;
				CLANG_WARN_DEPRECATED_OBJC_IMPLEMENTATIONS = YES;
				CLANG_WARN_DIRECT_OBJC_ISA_USAGE = YES_ERROR;
				CLANG_WARN_DOCUMENTATION_COMMENTS = YES;
				CLANG_WARN_EMPTY_BODY = YES;
				CLANG_WARN_ENUM_CONVERSION = YES;
				CLANG_WARN_INFINITE_RECURSION = YES;
				CLANG_WARN_INT_CONVERSION = YES;
				CLANG_WARN_NON_LITERAL_NULL_CONVERSION = YES;
				CLANG_WARN_OBJC_IMPLICIT_RETAIN_SELF = YES;
				CLANG_WARN_OBJC_LITERAL_CONVERSION = YES;
				CLANG_WARN_OBJC_ROOT_CLASS = YES_ERROR;
				CLANG_WARN_QUOTED_INCLUDE_IN_FRAMEWORK_HEADER = YES;
				CLANG_WARN_RANGE_LOOP_ANALYSIS = YES;
				CLANG_WARN_STRICT_PROTOTYPES = YES;
				CLANG_WARN_SUSPICIOUS_MOVE = YES;
				CLANG_WARN_UNGUARDED_AVAILABILITY = YES_AGGRESSIVE;
				CLANG_WARN_UNREACHABLE_CODE = YES;
				CLANG_WARN__DUPLICATE_METHOD_MATCH = YES;
				COPY_PHASE_STRIP = NO;
				DEBUG_INFORMATION_FORMAT = "dwarf-with-dsym";
				ENABLE_NS_ASSERTIONS = NO;
				ENABLE_STRICT_OBJC_MSGSEND = YES;
				GCC_C_LANGUAGE_STANDARD = gnu11;
				GCC_NO_COMMON_BLOCKS = YES;
				GCC_WARN_64_TO_32_BIT_CONVERSION = YES;
				GCC_WARN_ABOUT_RETURN_TYPE = YES_ERROR;
				GCC_WARN_UNDECLARED_SELECTOR = YES;
				GCC_WARN_UNINITIALIZED_AUTOS = YES_AGGRESSIVE;
				GCC_WARN_UNUSED_FUNCTION = YES;
				GCC_WARN_UNUSED_VARIABLE = YES;
				IPHONEOS_DEPLOYMENT_TARGET = 16.2;
				MTL_ENABLE_DEBUG_INFO = NO;
				MTL_FAST_MATH = YES;
				SDKROOT = iphoneos;
				SWIFT_COMPILATION_MODE = wholemodule;
				SWIFT_OPTIMIZATION_LEVEL = "-O";
				VALIDATE_PRODUCT = YES;
			};
			name = Release;
		};
		2ED87483297B51D0002E3E3C /* Debug */ = {
			isa = XCBuildConfiguration;
			buildSettings = {
				ASSETCATALOG_COMPILER_APPICON_NAME = AppIcon;
				ASSETCATALOG_COMPILER_GLOBAL_ACCENT_COLOR_NAME = AccentColor;
				CODE_SIGN_STYLE = Automatic;
				CURRENT_PROJECT_VERSION = 1;
				DEVELOPMENT_TEAM = 9NU5UUDDD2;
				GENERATE_INFOPLIST_FILE = YES;
				INFOPLIST_FILE = AlbertsonsCodeVeeru/Info.plist;
				INFOPLIST_KEY_UIApplicationSupportsIndirectInputEvents = YES;
				INFOPLIST_KEY_UILaunchStoryboardName = LaunchScreen;
				INFOPLIST_KEY_UIMainStoryboardFile = Main;
				INFOPLIST_KEY_UISupportedInterfaceOrientations_iPad = "UIInterfaceOrientationPortrait UIInterfaceOrientationPortraitUpsideDown UIInterfaceOrientationLandscapeLeft UIInterfaceOrientationLandscapeRight";
				INFOPLIST_KEY_UISupportedInterfaceOrientations_iPhone = "UIInterfaceOrientationPortrait UIInterfaceOrientationLandscapeLeft UIInterfaceOrientationLandscapeRight";
				LD_RUNPATH_SEARCH_PATHS = (
					"$(inherited)",
					"@executable_path/Frameworks",
				);
				MARKETING_VERSION = 1.0;
				PRODUCT_BUNDLE_IDENTIFIER = com.veeru.AlbertsonsCodeVeeru.AlbertsonsCodeVeeru;
				PRODUCT_NAME = "$(TARGET_NAME)";
				SWIFT_EMIT_LOC_STRINGS = YES;
				SWIFT_VERSION = 5.0;
				TARGETED_DEVICE_FAMILY = "1,2";
			};
			name = Debug;
		};
		2ED87484297B51D0002E3E3C /* Release */ = {
			isa = XCBuildConfiguration;
			buildSettings = {
				ASSETCATALOG_COMPILER_APPICON_NAME = AppIcon;
				ASSETCATALOG_COMPILER_GLOBAL_ACCENT_COLOR_NAME = AccentColor;
				CODE_SIGN_STYLE = Automatic;
				CURRENT_PROJECT_VERSION = 1;
				DEVELOPMENT_TEAM = 9NU5UUDDD2;
				GENERATE_INFOPLIST_FILE = YES;
				INFOPLIST_FILE = AlbertsonsCodeVeeru/Info.plist;
				INFOPLIST_KEY_UIApplicationSupportsIndirectInputEvents = YES;
				INFOPLIST_KEY_UILaunchStoryboardName = LaunchScreen;
				INFOPLIST_KEY_UIMainStoryboardFile = Main;
				INFOPLIST_KEY_UISupportedInterfaceOrientations_iPad = "UIInterfaceOrientationPortrait UIInterfaceOrientationPortraitUpsideDown UIInterfaceOrientationLandscapeLeft UIInterfaceOrientationLandscapeRight";
				INFOPLIST_KEY_UISupportedInterfaceOrientations_iPhone = "UIInterfaceOrientationPortrait UIInterfaceOrientationLandscapeLeft UIInterfaceOrientationLandscapeRight";
				LD_RUNPATH_SEARCH_PATHS = (
					"$(inherited)",
					"@executable_path/Frameworks",
				);
				MARKETING_VERSION = 1.0;
				PRODUCT_BUNDLE_IDENTIFIER = com.veeru.AlbertsonsCodeVeeru.AlbertsonsCodeVeeru;
				PRODUCT_NAME = "$(TARGET_NAME)";
				SWIFT_EMIT_LOC_STRINGS = YES;
				SWIFT_VERSION = 5.0;
				TARGETED_DEVICE_FAMILY = "1,2";
			};
			name = Release;
		};
		2ED874A3297B56BC002E3E3C /* Debug */ = {
			isa = XCBuildConfiguration;
			buildSettings = {
				CODE_SIGN_STYLE = Automatic;
				CURRENT_PROJECT_VERSION = 1;
				DEVELOPMENT_TEAM = 9NU5UUDDD2;
				GENERATE_INFOPLIST_FILE = YES;
				MARKETING_VERSION = 1.0;
				PRODUCT_BUNDLE_IDENTIFIER = com.veeru.AlbertsonsCodeVeeru.AlbertsonsCodeVeeruUITests;
				PRODUCT_NAME = "$(TARGET_NAME)";
				SWIFT_EMIT_LOC_STRINGS = NO;
				SWIFT_VERSION = 5.0;
				TARGETED_DEVICE_FAMILY = "1,2";
				TEST_TARGET_NAME = AlbertsonsCodeVeeru;
			};
			name = Debug;
		};
		2ED874A4297B56BC002E3E3C /* Release */ = {
			isa = XCBuildConfiguration;
			buildSettings = {
				CODE_SIGN_STYLE = Automatic;
				CURRENT_PROJECT_VERSION = 1;
				DEVELOPMENT_TEAM = 9NU5UUDDD2;
				GENERATE_INFOPLIST_FILE = YES;
				MARKETING_VERSION = 1.0;
				PRODUCT_BUNDLE_IDENTIFIER = com.veeru.AlbertsonsCodeVeeru.AlbertsonsCodeVeeruUITests;
				PRODUCT_NAME = "$(TARGET_NAME)";
				SWIFT_EMIT_LOC_STRINGS = NO;
				SWIFT_VERSION = 5.0;
				TARGETED_DEVICE_FAMILY = "1,2";
				TEST_TARGET_NAME = AlbertsonsCodeVeeru;
			};
			name = Release;
		};
/* End XCBuildConfiguration section */

/* Begin XCConfigurationList section */
		2ED87469297B51CE002E3E3C /* Build configuration list for PBXProject "AlbertsonsCodeVeeru" */ = {
			isa = XCConfigurationList;
			buildConfigurations = (
				2ED87480297B51D0002E3E3C /* Debug */,
				2ED87481297B51D0002E3E3C /* Release */,
			);
			defaultConfigurationIsVisible = 0;
			defaultConfigurationName = Release;
		};
		2ED87482297B51D0002E3E3C /* Build configuration list for PBXNativeTarget "AlbertsonsCodeVeeru" */ = {
			isa = XCConfigurationList;
			buildConfigurations = (
				2ED87483297B51D0002E3E3C /* Debug */,
				2ED87484297B51D0002E3E3C /* Release */,
			);
			defaultConfigurationIsVisible = 0;
			defaultConfigurationName = Release;
		};
		2ED874A2297B56BC002E3E3C /* Build configuration list for PBXNativeTarget "AlbertsonsCodeVeeruUITests" */ = {
			isa = XCConfigurationList;
			buildConfigurations = (
				2ED874A3297B56BC002E3E3C /* Debug */,
				2ED874A4297B56BC002E3E3C /* Release */,
			);
			defaultConfigurationIsVisible = 0;
			defaultConfigurationName = Release;
		};
/* End XCConfigurationList section */
	};
	rootObject = 2ED87466297B51CE002E3E3C /* Project object */;
}
